
Microsoft Visual Studio Solution File, Format Version 12.00
# Visual Studio Version 16
VisualStudioVersion = 16.0.29926.136
MinimumVisualStudioVersion = 10.0.40219.1
Project("{FAE04EC0-301F-11D3-BF4B-00C04F79EFBC}") = "HashType", "HashType\HashType.csproj", "{CE76F0A8-170B-41B3-8AEE-C1C39923CC1E}"
EndProject
Global
	GlobalSection(SolutionConfigurationPlatforms) = preSolution
		Debug|Any CPU = Debug|Any CPU
		Release|Any CPU = Release|Any CPU
	EndGlobalSection
	GlobalSection(ProjectConfigurationPlatforms) = postSolution
		{CE76F0A8-170B-41B3-8AEE-C1C39923CC1E}.Debug|Any CPU.ActiveCfg = Debug|Any CPU
		{CE76F0A8-170B-41B3-8AEE-C1C39923CC1E}.Debug|Any CPU.Build.0 = Debug|Any CPU
		{CE76F0A8-170B-41B3-8AEE-C1C39923CC1E}.Release|Any CPU.ActiveCfg = Release|Any CPU
		{CE76F0A8-170B-41B3-8AEE-C1C39923CC1E}.Release|Any CPU.Build.0 = Release|Any CPU
	EndGlobalSection
	GlobalSection(SolutionProperties) = preSolution
		HideSolutionNode = FALSE
	EndGlobalSection
	GlobalSection(ExtensibilityGlobals) = postSolution
		SolutionGuid = {3896F5CA-3CCC-46C4-B8C0-838B54C2A1C9}
	EndGlobalSection
EndGlobal
